
Microsoft Visual Studio Solution File, Format Version 11.00
# Visual Studio 2010
Project("{FAE04EC0-301F-11D3-BF4B-00C04F79EFBC}") = "FinTOKMAK.UIStackSystem.Runtime", "FinTOKMAK.UIStackSystem.Runtime.csproj", "{d4be9dee-3648-e35b-ff40-1865391cbb05}"
EndProject
Project("{FAE04EC0-301F-11D3-BF4B-00C04F79EFBC}") = "Assembly-CSharp", "Assembly-CSharp.csproj", "{3fcded18-4e4e-d491-e59a-7f90a5d39bda}"
EndProject
Project("{FAE04EC0-301F-11D3-BF4B-00C04F79EFBC}") = "FinTOKMAK.UIStackSystem.Editor", "FinTOKMAK.UIStackSystem.Editor.csproj", "{9766170b-2a96-cff1-56cc-99a1bfc3a454}"
EndProject
Global
	GlobalSection(SolutionConfigurationPlatforms) = preSolution
		Debug|Any CPU = Debug|Any CPU
		Release|Any CPU = Release|Any CPU
	EndGlobalSection
	GlobalSection(ProjectConfigurationPlatforms) = postSolution
		{d4be9dee-3648-e35b-ff40-1865391cbb05}.Debug|Any CPU.ActiveCfg = Debug|Any CPU
		{d4be9dee-3648-e35b-ff40-1865391cbb05}.Debug|Any CPU.Build.0 = Debug|Any CPU
		{d4be9dee-3648-e35b-ff40-1865391cbb05}.Release|Any CPU.ActiveCfg = Release|Any CPU
		{d4be9dee-3648-e35b-ff40-1865391cbb05}.Release|Any CPU.Build.0 = Release|Any CPU
		{3fcded18-4e4e-d491-e59a-7f90a5d39bda}.Debug|Any CPU.ActiveCfg = Debug|Any CPU
		{3fcded18-4e4e-d491-e59a-7f90a5d39bda}.Debug|Any CPU.Build.0 = Debug|Any CPU
		{3fcded18-4e4e-d491-e59a-7f90a5d39bda}.Release|Any CPU.ActiveCfg = Release|Any CPU
		{3fcded18-4e4e-d491-e59a-7f90a5d39bda}.Release|Any CPU.Build.0 = Release|Any CPU
		{9766170b-2a96-cff1-56cc-99a1bfc3a454}.Debug|Any CPU.ActiveCfg = Debug|Any CPU
		{9766170b-2a96-cff1-56cc-99a1bfc3a454}.Debug|Any CPU.Build.0 = Debug|Any CPU
		{9766170b-2a96-cff1-56cc-99a1bfc3a454}.Release|Any CPU.ActiveCfg = Release|Any CPU
		{9766170b-2a96-cff1-56cc-99a1bfc3a454}.Release|Any CPU.Build.0 = Release|Any CPU
	EndGlobalSection
	GlobalSection(SolutionProperties) = preSolution
		HideSolutionNode = FALSE
	EndGlobalSection
EndGlobal
