
Microsoft Visual Studio Solution File, Format Version 11.00
# Visual Studio 2010
Project("{FAE04EC0-301F-11D3-BF4B-00C04F79EFBC}") = "Assembly-CSharp", "Assembly-CSharp.csproj", "{13351461-858e-42e8-e669-ac44a8dc82bf}"
EndProject
Project("{FAE04EC0-301F-11D3-BF4B-00C04F79EFBC}") = "Assembly-CSharp-Editor", "Assembly-CSharp-Editor.csproj", "{3c3cfada-3340-3407-b011-76268e32bfdf}"
EndProject
Global
	GlobalSection(SolutionConfigurationPlatforms) = preSolution
		Debug|Any CPU = Debug|Any CPU
		Release|Any CPU = Release|Any CPU
	EndGlobalSection
	GlobalSection(ProjectConfigurationPlatforms) = postSolution
		{13351461-858e-42e8-e669-ac44a8dc82bf}.Debug|Any CPU.ActiveCfg = Debug|Any CPU
		{13351461-858e-42e8-e669-ac44a8dc82bf}.Debug|Any CPU.Build.0 = Debug|Any CPU
		{13351461-858e-42e8-e669-ac44a8dc82bf}.Release|Any CPU.ActiveCfg = Release|Any CPU
		{13351461-858e-42e8-e669-ac44a8dc82bf}.Release|Any CPU.Build.0 = Release|Any CPU
		{3c3cfada-3340-3407-b011-76268e32bfdf}.Debug|Any CPU.ActiveCfg = Debug|Any CPU
		{3c3cfada-3340-3407-b011-76268e32bfdf}.Debug|Any CPU.Build.0 = Debug|Any CPU
		{3c3cfada-3340-3407-b011-76268e32bfdf}.Release|Any CPU.ActiveCfg = Release|Any CPU
		{3c3cfada-3340-3407-b011-76268e32bfdf}.Release|Any CPU.Build.0 = Release|Any CPU
	EndGlobalSection
	GlobalSection(SolutionProperties) = preSolution
		HideSolutionNode = FALSE
	EndGlobalSection
EndGlobal
