
Microsoft Visual Studio Solution File, Format Version 11.00
# Visual Studio 2010
Project("{FAE04EC0-301F-11D3-BF4B-00C04F79EFBC}") = "FinTOKMAK.UIStackSystem.Runtime", "FinTOKMAK.UIStackSystem.Runtime.csproj", "{c40b6529-659c-135a-2097-a9f3d1aacd54}"
EndProject
Project("{FAE04EC0-301F-11D3-BF4B-00C04F79EFBC}") = "Assembly-CSharp", "Assembly-CSharp.csproj", "{13351461-858e-42e8-e669-ac44a8dc82bf}"
EndProject
Project("{FAE04EC0-301F-11D3-BF4B-00C04F79EFBC}") = "FinTOKMAK.UIStackSystem.Editor", "FinTOKMAK.UIStackSystem.Editor.csproj", "{c9a6200b-1608-eb3a-42ac-cc12b7152f57}"
EndProject
Global
	GlobalSection(SolutionConfigurationPlatforms) = preSolution
		Debug|Any CPU = Debug|Any CPU
		Release|Any CPU = Release|Any CPU
	EndGlobalSection
	GlobalSection(ProjectConfigurationPlatforms) = postSolution
		{c40b6529-659c-135a-2097-a9f3d1aacd54}.Debug|Any CPU.ActiveCfg = Debug|Any CPU
		{c40b6529-659c-135a-2097-a9f3d1aacd54}.Debug|Any CPU.Build.0 = Debug|Any CPU
		{c40b6529-659c-135a-2097-a9f3d1aacd54}.Release|Any CPU.ActiveCfg = Release|Any CPU
		{c40b6529-659c-135a-2097-a9f3d1aacd54}.Release|Any CPU.Build.0 = Release|Any CPU
		{13351461-858e-42e8-e669-ac44a8dc82bf}.Debug|Any CPU.ActiveCfg = Debug|Any CPU
		{13351461-858e-42e8-e669-ac44a8dc82bf}.Debug|Any CPU.Build.0 = Debug|Any CPU
		{13351461-858e-42e8-e669-ac44a8dc82bf}.Release|Any CPU.ActiveCfg = Release|Any CPU
		{13351461-858e-42e8-e669-ac44a8dc82bf}.Release|Any CPU.Build.0 = Release|Any CPU
		{c9a6200b-1608-eb3a-42ac-cc12b7152f57}.Debug|Any CPU.ActiveCfg = Debug|Any CPU
		{c9a6200b-1608-eb3a-42ac-cc12b7152f57}.Debug|Any CPU.Build.0 = Debug|Any CPU
		{c9a6200b-1608-eb3a-42ac-cc12b7152f57}.Release|Any CPU.ActiveCfg = Release|Any CPU
		{c9a6200b-1608-eb3a-42ac-cc12b7152f57}.Release|Any CPU.Build.0 = Release|Any CPU
	EndGlobalSection
	GlobalSection(SolutionProperties) = preSolution
		HideSolutionNode = FALSE
	EndGlobalSection
EndGlobal
